{
  "name": "my-website",
  "version": "1.0.0",
  "lockfileVersion": 1,
  "requires": true,
  "dependencies": {
    "connect": {
      "version": "1.8.7",
      "resolved": "https://registry.npm.taobao.org/connect/download/connect-1.8.7.tgz",
      "integrity": "sha1-tiAoGITUVfq5TGk9LbdIZS1sjBc=",
      "requires": {
        "formidable": "1.0.x",
        "mime": ">= 0.0.1",
        "qs": ">= 0.4.0"
      }
    },
    "formidable": {
      "version": "1.0.16",
      "resolved": "https://registry.npm.taobao.org/formidable/download/formidable-1.0.16.tgz",
      "integrity": "sha1-SRbP38TL7QILJXpqlQWpqzjCzQ4="
    },
    "mime": {
      "version": "2.4.4",
      "resolved": "https://registry.npm.taobao.org/mime/download/mime-2.4.4.tgz?cache=0&sync_timestamp=1560034758817&other_urls=https%3A%2F%2Fregistry.npm.taobao.org%2Fmime%2Fdownload%2Fmime-2.4.4.tgz",
      "integrity": "sha1-vXuRE1/GsBzePpuuM9ZZtj2IV+U="
    },
    "qs": {
      "version": "6.9.1",
      "resolved": "https://registry.npm.taobao.org/qs/download/qs-6.9.1.tgz?cache=0&other_urls=https%3A%2F%2Fregistry.npm.taobao.org%2Fqs%2Fdownload%2Fqs-6.9.1.tgz",
      "integrity": "sha1-IAgsZct4IjY1qxqerKiHWim/jsk="
    }
  }
}
